
Microsoft Visual Studio Solution File, Format Version 12.00
#
Project("{FAE04EC0-301F-11D3-BF4B-00C04F79EFBC}") = "MAM.API", "MAM.API\MAM.API.csproj", "{231F51E4-C512-4777-8452-5039C7686901}"
EndProject
Project("{FAE04EC0-301F-11D3-BF4B-00C04F79EFBC}") = "MAM.Users", "MAM.Users\MAM.Users.csproj", "{7CB43D16-9AEC-49A1-B62A-798E7B007B6E}"
EndProject
Project("{FAE04EC0-301F-11D3-BF4B-00C04F79EFBC}") = "MAM.Allergens", "MAM.Allergens\MAM.Allergens.csproj", "{9DBF3D90-5720-40FD-922D-12BC751AB622}"
EndProject
Project("{FAE04EC0-301F-11D3-BF4B-00C04F79EFBC}") = "MAM.Shared", "MAM.Shared\MAM.Shared.csproj", "{DC5BB78A-1ACA-4F23-ABEA-A503C5E4E3F3}"
EndProject
Project("{FAE04EC0-301F-11D3-BF4B-00C04F79EFBC}") = "MAM.Allergens.UnitTests", "MAM.Allergens.UnitTests\MAM.Allergens.UnitTests.csproj", "{18909210-B43B-4D06-BA5C-F99B9FB6A299}"
EndProject
Project("{FAE04EC0-301F-11D3-BF4B-00C04F79EFBC}") = "MAM.IntegrationTests", "MAM.IntegrationTests\MAM.IntegrationTests.csproj", "{AFA4DB03-9BB4-4C68-A658-B5F87F683F07}"
EndProject
Project("{FAE04EC0-301F-11D3-BF4B-00C04F79EFBC}") = "MAM.IaC", "MAM.IaC\MAM.IaC.csproj", "{92D9C8A9-519E-458D-B9FA-79727B14AC6B}"
EndProject
Global
	GlobalSection(SolutionConfigurationPlatforms) = preSolution
		Debug|Any CPU = Debug|Any CPU
		Release|Any CPU = Release|Any CPU
	EndGlobalSection
	GlobalSection(ProjectConfigurationPlatforms) = postSolution
		{231F51E4-C512-4777-8452-5039C7686901}.Debug|Any CPU.ActiveCfg = Debug|Any CPU
		{231F51E4-C512-4777-8452-5039C7686901}.Debug|Any CPU.Build.0 = Debug|Any CPU
		{231F51E4-C512-4777-8452-5039C7686901}.Release|Any CPU.ActiveCfg = Release|Any CPU
		{231F51E4-C512-4777-8452-5039C7686901}.Release|Any CPU.Build.0 = Release|Any CPU
		{7CB43D16-9AEC-49A1-B62A-798E7B007B6E}.Debug|Any CPU.ActiveCfg = Debug|Any CPU
		{7CB43D16-9AEC-49A1-B62A-798E7B007B6E}.Debug|Any CPU.Build.0 = Debug|Any CPU
		{7CB43D16-9AEC-49A1-B62A-798E7B007B6E}.Release|Any CPU.ActiveCfg = Release|Any CPU
		{7CB43D16-9AEC-49A1-B62A-798E7B007B6E}.Release|Any CPU.Build.0 = Release|Any CPU
		{9DBF3D90-5720-40FD-922D-12BC751AB622}.Debug|Any CPU.ActiveCfg = Debug|Any CPU
		{9DBF3D90-5720-40FD-922D-12BC751AB622}.Debug|Any CPU.Build.0 = Debug|Any CPU
		{9DBF3D90-5720-40FD-922D-12BC751AB622}.Release|Any CPU.ActiveCfg = Release|Any CPU
		{9DBF3D90-5720-40FD-922D-12BC751AB622}.Release|Any CPU.Build.0 = Release|Any CPU
		{DC5BB78A-1ACA-4F23-ABEA-A503C5E4E3F3}.Debug|Any CPU.ActiveCfg = Debug|Any CPU
		{DC5BB78A-1ACA-4F23-ABEA-A503C5E4E3F3}.Debug|Any CPU.Build.0 = Debug|Any CPU
		{DC5BB78A-1ACA-4F23-ABEA-A503C5E4E3F3}.Release|Any CPU.ActiveCfg = Release|Any CPU
		{DC5BB78A-1ACA-4F23-ABEA-A503C5E4E3F3}.Release|Any CPU.Build.0 = Release|Any CPU
		{18909210-B43B-4D06-BA5C-F99B9FB6A299}.Debug|Any CPU.ActiveCfg = Debug|Any CPU
		{18909210-B43B-4D06-BA5C-F99B9FB6A299}.Debug|Any CPU.Build.0 = Debug|Any CPU
		{18909210-B43B-4D06-BA5C-F99B9FB6A299}.Release|Any CPU.ActiveCfg = Release|Any CPU
		{18909210-B43B-4D06-BA5C-F99B9FB6A299}.Release|Any CPU.Build.0 = Release|Any CPU
		{AFA4DB03-9BB4-4C68-A658-B5F87F683F07}.Debug|Any CPU.ActiveCfg = Debug|Any CPU
		{AFA4DB03-9BB4-4C68-A658-B5F87F683F07}.Debug|Any CPU.Build.0 = Debug|Any CPU
		{AFA4DB03-9BB4-4C68-A658-B5F87F683F07}.Release|Any CPU.ActiveCfg = Release|Any CPU
		{AFA4DB03-9BB4-4C68-A658-B5F87F683F07}.Release|Any CPU.Build.0 = Release|Any CPU
		{92D9C8A9-519E-458D-B9FA-79727B14AC6B}.Debug|Any CPU.ActiveCfg = Debug|Any CPU
		{92D9C8A9-519E-458D-B9FA-79727B14AC6B}.Debug|Any CPU.Build.0 = Debug|Any CPU
		{92D9C8A9-519E-458D-B9FA-79727B14AC6B}.Release|Any CPU.ActiveCfg = Release|Any CPU
		{92D9C8A9-519E-458D-B9FA-79727B14AC6B}.Release|Any CPU.Build.0 = Release|Any CPU
	EndGlobalSection
EndGlobal
